{
  "originHash" : "933a8d4b8a0dc736367d45ffead741dccf51b1005954b92b4c36f7c43bd6db4a",
  "pins" : [
    {
      "identity" : "confettiswiftui",
      "kind" : "remoteSourceControl",
      "location" : "https://github.com/simibac/ConfettiSwiftUI.git",
      "state" : {
        "revision" : "79666d42b882bf7921b1941fa7c636d681d77980",
        "version" : "2.0.3"
      }
    },
    {
      "identity" : "kamaalswift",
      "kind" : "remoteSourceControl",
      "location" : "https://github.com/Kamaalio/KamaalSwift",
      "state" : {
        "revision" : "9f2a154b06c05021b490c4262f7d0937bb94dee3",
        "version" : "3.5.0"
      }
    },
    {
      "identity" : "sparkle",
      "kind" : "remoteSourceControl",
      "location" : "https://github.com/sparkle-project/Sparkle",
      "state" : {
        "revision" : "5581748cef2bae787496fe6d61139aebe0a451f6",
        "version" : "2.8.1"
      }
    }
  ],
  "version" : 3
}
